
Microsoft Visual Studio Solution File, Format Version 12.00
# Visual Studio Version 17
VisualStudioVersion = 17.1.32407.343
MinimumVisualStudioVersion = 10.0.40219.1
Project("{FAE04EC0-301F-11D3-BF4B-00C04F79EFBC}") = "Image_Program_CSharp", "Image_Program_CSharp\Image_Program_CSharp.csproj", "{66096A58-F124-4EAE-9845-AAD09070E4B6}"
EndProject
Global
	GlobalSection(SolutionConfigurationPlatforms) = preSolution
		Debug|Any CPU = Debug|Any CPU
		Release|Any CPU = Release|Any CPU
	EndGlobalSection
	GlobalSection(ProjectConfigurationPlatforms) = postSolution
		{66096A58-F124-4EAE-9845-AAD09070E4B6}.Debug|Any CPU.ActiveCfg = Debug|Any CPU
		{66096A58-F124-4EAE-9845-AAD09070E4B6}.Debug|Any CPU.Build.0 = Debug|Any CPU
		{66096A58-F124-4EAE-9845-AAD09070E4B6}.Release|Any CPU.ActiveCfg = Release|Any CPU
		{66096A58-F124-4EAE-9845-AAD09070E4B6}.Release|Any CPU.Build.0 = Release|Any CPU
	EndGlobalSection
	GlobalSection(SolutionProperties) = preSolution
		HideSolutionNode = FALSE
	EndGlobalSection
	GlobalSection(ExtensibilityGlobals) = postSolution
		SolutionGuid = {F95CCE41-94A5-42EB-B9A7-A6E4D27E590D}
	EndGlobalSection
EndGlobal
